
Microsoft Visual Studio Solution File, Format Version 12.00
# Visual Studio Version 16
VisualStudioVersion = 16.0.29215.179
MinimumVisualStudioVersion = 10.0.40219.1
Project("{FAE04EC0-301F-11D3-BF4B-00C04F79EFBC}") = "DirectPrinting", "DirectPrinting.csproj", "{C985E46E-E1C4-4BCF-A012-D28BDF8F58F0}"
EndProject
Project("{FAE04EC0-301F-11D3-BF4B-00C04F79EFBC}") = "DirectPrintingTest", "DirectPrintingTest\DirectPrintingTest.csproj", "{2E57641B-C954-4462-A006-70E4B96D85FD}"
EndProject
Global
	GlobalSection(SolutionConfigurationPlatforms) = preSolution
		Debug|Any CPU = Debug|Any CPU
		Release|Any CPU = Release|Any CPU
	EndGlobalSection
	GlobalSection(ProjectConfigurationPlatforms) = postSolution
		{C985E46E-E1C4-4BCF-A012-D28BDF8F58F0}.Debug|Any CPU.ActiveCfg = Debug|Any CPU
		{C985E46E-E1C4-4BCF-A012-D28BDF8F58F0}.Debug|Any CPU.Build.0 = Debug|Any CPU
		{C985E46E-E1C4-4BCF-A012-D28BDF8F58F0}.Release|Any CPU.ActiveCfg = Release|Any CPU
		{C985E46E-E1C4-4BCF-A012-D28BDF8F58F0}.Release|Any CPU.Build.0 = Release|Any CPU
		{2E57641B-C954-4462-A006-70E4B96D85FD}.Debug|Any CPU.ActiveCfg = Debug|Any CPU
		{2E57641B-C954-4462-A006-70E4B96D85FD}.Debug|Any CPU.Build.0 = Debug|Any CPU
		{2E57641B-C954-4462-A006-70E4B96D85FD}.Release|Any CPU.ActiveCfg = Release|Any CPU
		{2E57641B-C954-4462-A006-70E4B96D85FD}.Release|Any CPU.Build.0 = Release|Any CPU
	EndGlobalSection
	GlobalSection(SolutionProperties) = preSolution
		HideSolutionNode = FALSE
	EndGlobalSection
	GlobalSection(ExtensibilityGlobals) = postSolution
		SolutionGuid = {85C3F294-57D0-4DC3-862F-575AD68EB26C}
	EndGlobalSection
EndGlobal
